
Microsoft Visual Studio Solution File, Format Version 12.00
# Visual Studio 14
VisualStudioVersion = 14.0.24720.0
MinimumVisualStudioVersion = 10.0.40219.1
Project("{FAE04EC0-301F-11D3-BF4B-00C04F79EFBC}") = "Spa.Web", "Spa.Web\Spa.Web.csproj", "{D1CE6551-1D66-4CD2-9A0F-A0ABCB02147C}"
EndProject
Project("{FAE04EC0-301F-11D3-BF4B-00C04F79EFBC}") = "Spa.Entities", "Spa.Entities\Spa.Entities.csproj", "{33786A6D-74BB-4053-A381-0FB8D7872CBA}"
EndProject
Project("{FAE04EC0-301F-11D3-BF4B-00C04F79EFBC}") = "Spa.Data", "Spa.Data\Spa.Data.csproj", "{9D88B9DE-0DF5-49F6-9BC6-3E28D84960FB}"
EndProject
Project("{FAE04EC0-301F-11D3-BF4B-00C04F79EFBC}") = "Spa.Services", "Spa.Services\Spa.Services.csproj", "{F3406EBE-8E7B-411A-AE79-06A0C468E3AF}"
EndProject
Global
	GlobalSection(SolutionConfigurationPlatforms) = preSolution
		Debug|Any CPU = Debug|Any CPU
		Release|Any CPU = Release|Any CPU
	EndGlobalSection
	GlobalSection(ProjectConfigurationPlatforms) = postSolution
		{D1CE6551-1D66-4CD2-9A0F-A0ABCB02147C}.Debug|Any CPU.ActiveCfg = Debug|Any CPU
		{D1CE6551-1D66-4CD2-9A0F-A0ABCB02147C}.Debug|Any CPU.Build.0 = Debug|Any CPU
		{D1CE6551-1D66-4CD2-9A0F-A0ABCB02147C}.Release|Any CPU.ActiveCfg = Release|Any CPU
		{D1CE6551-1D66-4CD2-9A0F-A0ABCB02147C}.Release|Any CPU.Build.0 = Release|Any CPU
		{33786A6D-74BB-4053-A381-0FB8D7872CBA}.Debug|Any CPU.ActiveCfg = Debug|Any CPU
		{33786A6D-74BB-4053-A381-0FB8D7872CBA}.Debug|Any CPU.Build.0 = Debug|Any CPU
		{33786A6D-74BB-4053-A381-0FB8D7872CBA}.Release|Any CPU.ActiveCfg = Release|Any CPU
		{33786A6D-74BB-4053-A381-0FB8D7872CBA}.Release|Any CPU.Build.0 = Release|Any CPU
		{9D88B9DE-0DF5-49F6-9BC6-3E28D84960FB}.Debug|Any CPU.ActiveCfg = Debug|Any CPU
		{9D88B9DE-0DF5-49F6-9BC6-3E28D84960FB}.Debug|Any CPU.Build.0 = Debug|Any CPU
		{9D88B9DE-0DF5-49F6-9BC6-3E28D84960FB}.Release|Any CPU.ActiveCfg = Release|Any CPU
		{9D88B9DE-0DF5-49F6-9BC6-3E28D84960FB}.Release|Any CPU.Build.0 = Release|Any CPU
		{F3406EBE-8E7B-411A-AE79-06A0C468E3AF}.Debug|Any CPU.ActiveCfg = Debug|Any CPU
		{F3406EBE-8E7B-411A-AE79-06A0C468E3AF}.Debug|Any CPU.Build.0 = Debug|Any CPU
		{F3406EBE-8E7B-411A-AE79-06A0C468E3AF}.Release|Any CPU.ActiveCfg = Release|Any CPU
		{F3406EBE-8E7B-411A-AE79-06A0C468E3AF}.Release|Any CPU.Build.0 = Release|Any CPU
	EndGlobalSection
	GlobalSection(SolutionProperties) = preSolution
		HideSolutionNode = FALSE
	EndGlobalSection
EndGlobal
